
Microsoft Visual Studio Solution File, Format Version 12.00
# Visual Studio Version 17
VisualStudioVersion = 17.0.31710.8
MinimumVisualStudioVersion = 10.0.40219.1
Project("{FAE04EC0-301F-11D3-BF4B-00C04F79EFBC}") = "Uloha3ksp", "Uloha3ksp\Uloha3ksp.csproj", "{FB7AEF24-68DE-4A61-88D6-1A23962F48CD}"
EndProject
Global
	GlobalSection(SolutionConfigurationPlatforms) = preSolution
		Debug|Any CPU = Debug|Any CPU
		Release|Any CPU = Release|Any CPU
	EndGlobalSection
	GlobalSection(ProjectConfigurationPlatforms) = postSolution
		{FB7AEF24-68DE-4A61-88D6-1A23962F48CD}.Debug|Any CPU.ActiveCfg = Debug|Any CPU
		{FB7AEF24-68DE-4A61-88D6-1A23962F48CD}.Debug|Any CPU.Build.0 = Debug|Any CPU
		{FB7AEF24-68DE-4A61-88D6-1A23962F48CD}.Release|Any CPU.ActiveCfg = Release|Any CPU
		{FB7AEF24-68DE-4A61-88D6-1A23962F48CD}.Release|Any CPU.Build.0 = Release|Any CPU
	EndGlobalSection
	GlobalSection(SolutionProperties) = preSolution
		HideSolutionNode = FALSE
	EndGlobalSection
	GlobalSection(ExtensibilityGlobals) = postSolution
		SolutionGuid = {AE95954C-17A0-42AA-A2B6-7224A9C07171}
	EndGlobalSection
EndGlobal
